
Microsoft Visual Studio Solution File, Format Version 12.00
# Visual Studio 14
VisualStudioVersion = 14.0.24720.0
MinimumVisualStudioVersion = 10.0.40219.1
Project("{FAE04EC0-301F-11D3-BF4B-00C04F79EFBC}") = "AutoMapperInjectionDemo", "AutoMapperInjectionDemo\AutoMapperInjectionDemo.csproj", "{203D9B57-2B51-4DC3-B01A-435FBEDDD161}"
EndProject
Project("{FAE04EC0-301F-11D3-BF4B-00C04F79EFBC}") = "AutoMapperInjectionDemo.Lib", "AutoMapperInjectionDemo.Lib\AutoMapperInjectionDemo.Lib.csproj", "{452794F3-C558-4D3C-93A0-59994FB369CB}"
EndProject
Global
	GlobalSection(SolutionConfigurationPlatforms) = preSolution
		Debug|Any CPU = Debug|Any CPU
		Release|Any CPU = Release|Any CPU
	EndGlobalSection
	GlobalSection(ProjectConfigurationPlatforms) = postSolution
		{203D9B57-2B51-4DC3-B01A-435FBEDDD161}.Debug|Any CPU.ActiveCfg = Debug|Any CPU
		{203D9B57-2B51-4DC3-B01A-435FBEDDD161}.Debug|Any CPU.Build.0 = Debug|Any CPU
		{203D9B57-2B51-4DC3-B01A-435FBEDDD161}.Release|Any CPU.ActiveCfg = Release|Any CPU
		{203D9B57-2B51-4DC3-B01A-435FBEDDD161}.Release|Any CPU.Build.0 = Release|Any CPU
		{452794F3-C558-4D3C-93A0-59994FB369CB}.Debug|Any CPU.ActiveCfg = Debug|Any CPU
		{452794F3-C558-4D3C-93A0-59994FB369CB}.Debug|Any CPU.Build.0 = Debug|Any CPU
		{452794F3-C558-4D3C-93A0-59994FB369CB}.Release|Any CPU.ActiveCfg = Release|Any CPU
		{452794F3-C558-4D3C-93A0-59994FB369CB}.Release|Any CPU.Build.0 = Release|Any CPU
	EndGlobalSection
	GlobalSection(SolutionProperties) = preSolution
		HideSolutionNode = FALSE
	EndGlobalSection
EndGlobal
